<?xml version="1.0" encoding="utf-8"?>
<Project ToolsVersion="4.0" xmlns="http://schemas.microsoft.com/developer/msbuild/2003">
  <ItemGroup>
    <Filter Include="VertexShader">
      <UniqueIdentifier>{00e6c87b-219c-47ef-b8cb-df5ee3e477f6}</UniqueIdentifier>
    </Filter>
    <Filter Include="PixelShader">
      <UniqueIdentifier>{ed10ef5f-8a64-4413-85e3-8b5089671748}</UniqueIdentifier>
    </Filter>
    <Filter Include="ComputeShader">
      <UniqueIdentifier>{c9d0d82d-f12f-466c-a605-14bf0c5d9c6e}</UniqueIdentifier>
    </Filter>
  </ItemGroup>
  <ItemGroup>
    <FxCompile Include="$(MSBuildThisFileDirectory)jhCharacterVertexShader.hlsl">
      <Filter>VertexShader</Filter>
    </FxCompile>
    <FxCompile Include="$(MSBuildThisFileDirectory)jhCharacterPixelShader.hlsl">
      <Filter>PixelShader</Filter>
    </FxCompile>
    <FxCompile Include="$(MSBuildThisFileDirectory)jhSpriteVertexShader.hlsl">
      <Filter>VertexShader</Filter>
    </FxCompile>
    <FxCompile Include="$(MSBuildThisFileDirectory)jhSpritePixelShader.hlsl">
      <Filter>PixelShader</Filter>
    </FxCompile>
    <FxCompile Include="$(MSBuildThisFileDirectory)jhUIPixelShader.hlsl">
      <Filter>PixelShader</Filter>
    </FxCompile>
    <FxCompile Include="$(MSBuildThisFileDirectory)jhUIVertexShader.hlsl">
      <Filter>VertexShader</Filter>
    </FxCompile>
    <FxCompile Include="$(MSBuildThisFileDirectory)jhGridVertexShader.hlsl">
      <Filter>VertexShader</Filter>
    </FxCompile>
    <FxCompile Include="$(MSBuildThisFileDirectory)jhGridPixelShader.hlsl">
      <Filter>PixelShader</Filter>
    </FxCompile>
    <FxCompile Include="$(MSBuildThisFileDirectory)jhFadeOutPixelShader.hlsl">
      <Filter>PixelShader</Filter>
    </FxCompile>
    <FxCompile Include="$(MSBuildThisFileDirectory)jhFadeOutVertexShader.hlsl">
      <Filter>VertexShader</Filter>
    </FxCompile>
    <FxCompile Include="$(MSBuildThisFileDirectory)jhDebugPixelShader.hlsl">
      <Filter>PixelShader</Filter>
    </FxCompile>
    <FxCompile Include="$(MSBuildThisFileDirectory)jhDebugVertexShader.hlsl">
      <Filter>VertexShader</Filter>
    </FxCompile>
    <FxCompile Include="$(MSBuildThisFileDirectory)jhBackGroundVertexShader.hlsl">
      <Filter>VertexShader</Filter>
    </FxCompile>
    <FxCompile Include="$(MSBuildThisFileDirectory)jhBackGroundPixelShader.hlsl">
      <Filter>PixelShader</Filter>
    </FxCompile>
    <FxCompile Include="$(MSBuildThisFileDirectory)PaintComputeShader.hlsl">
      <Filter>ComputeShader</Filter>
    </FxCompile>
    <FxCompile Include="$(MSBuildThisFileDirectory)jhParticleVertexShader.hlsl">
      <Filter>VertexShader</Filter>
    </FxCompile>
    <FxCompile Include="$(MSBuildThisFileDirectory)jhParticlePixelShader.hlsl">
      <Filter>PixelShader</Filter>
    </FxCompile>
  </ItemGroup>
  <ItemGroup>
    <None Include="$(MSBuildThisFileDirectory)globals.hlsli" />
    <None Include="$(MSBuildThisFileDirectory)Light.hlsli" />
  </ItemGroup>
</Project>