
Microsoft Visual Studio Solution File, Format Version 12.00
# Visual Studio Version 17
VisualStudioVersion = 17.3.32929.385
MinimumVisualStudioVersion = 10.0.40219.1
Project("{8BC9CEB8-8B4A-11D0-8D11-00A0C91BC942}") = "Client", "DirectX11Game.vcxproj", "{7DFA234B-1C73-4F87-BD65-4CE51BA6A7C8}"
	ProjectSection(ProjectDependencies) = postProject
		{2BBA2159-8B10-4911-93F7-C38BD253299B} = {2BBA2159-8B10-4911-93F7-C38BD253299B}
	EndProjectSection
EndProject
Project("{8BC9CEB8-8B4A-11D0-8D11-00A0C91BC942}") = "EgnineSource", "EgnineSource\EgnineSource.vcxproj", "{2BBA2159-8B10-4911-93F7-C38BD253299B}"
EndProject
Project("{8BC9CEB8-8B4A-11D0-8D11-00A0C91BC942}") = "SHADER_SOURCE", "SHADER_SOURCE\SHADER_SOURCE.vcxitems", "{9CF841F0-4F36-4089-A96C-CB6DF64FEC91}"
EndProject
Project("{8BC9CEB8-8B4A-11D0-8D11-00A0C91BC942}") = "Editor_Source", "Editor_Source\Editor_Source.vcxitems", "{26EA217D-B41C-4495-A518-E7B131BABEBE}"
EndProject
Global
	GlobalSection(SolutionConfigurationPlatforms) = preSolution
		Debug|x64 = Debug|x64
		Debug|x86 = Debug|x86
		Release|x64 = Release|x64
		Release|x86 = Release|x86
	EndGlobalSection
	GlobalSection(ProjectConfigurationPlatforms) = postSolution
		{7DFA234B-1C73-4F87-BD65-4CE51BA6A7C8}.Debug|x64.ActiveCfg = Debug|x64
		{7DFA234B-1C73-4F87-BD65-4CE51BA6A7C8}.Debug|x64.Build.0 = Debug|x64
		{7DFA234B-1C73-4F87-BD65-4CE51BA6A7C8}.Debug|x86.ActiveCfg = Debug|Win32
		{7DFA234B-1C73-4F87-BD65-4CE51BA6A7C8}.Debug|x86.Build.0 = Debug|Win32
		{7DFA234B-1C73-4F87-BD65-4CE51BA6A7C8}.Release|x64.ActiveCfg = Release|x64
		{7DFA234B-1C73-4F87-BD65-4CE51BA6A7C8}.Release|x64.Build.0 = Release|x64
		{7DFA234B-1C73-4F87-BD65-4CE51BA6A7C8}.Release|x86.ActiveCfg = Release|Win32
		{7DFA234B-1C73-4F87-BD65-4CE51BA6A7C8}.Release|x86.Build.0 = Release|Win32
		{2BBA2159-8B10-4911-93F7-C38BD253299B}.Debug|x64.ActiveCfg = Debug|x64
		{2BBA2159-8B10-4911-93F7-C38BD253299B}.Debug|x64.Build.0 = Debug|x64
		{2BBA2159-8B10-4911-93F7-C38BD253299B}.Debug|x86.ActiveCfg = Debug|Win32
		{2BBA2159-8B10-4911-93F7-C38BD253299B}.Debug|x86.Build.0 = Debug|Win32
		{2BBA2159-8B10-4911-93F7-C38BD253299B}.Release|x64.ActiveCfg = Release|x64
		{2BBA2159-8B10-4911-93F7-C38BD253299B}.Release|x64.Build.0 = Release|x64
		{2BBA2159-8B10-4911-93F7-C38BD253299B}.Release|x86.ActiveCfg = Release|Win32
		{2BBA2159-8B10-4911-93F7-C38BD253299B}.Release|x86.Build.0 = Release|Win32
	EndGlobalSection
	GlobalSection(SolutionProperties) = preSolution
		HideSolutionNode = FALSE
	EndGlobalSection
	GlobalSection(ExtensibilityGlobals) = postSolution
		SolutionGuid = {DF601163-3F02-46A2-8D34-4E813858A597}
	EndGlobalSection
EndGlobal
