<?xml version="1.0" encoding="utf-8"?>
<Project ToolsVersion="4.0" xmlns="http://schemas.microsoft.com/developer/msbuild/2003">
  <ItemGroup>
    <Filter Include="HighLevelInterface">
      <UniqueIdentifier>{1923d7c0-415c-45a7-aaa7-d917b9ab4f07}</UniqueIdentifier>
    </Filter>
    <Filter Include="Graphics">
      <UniqueIdentifier>{4711baf4-24d4-4651-81c0-87882ac0774a}</UniqueIdentifier>
    </Filter>
    <Filter Include="Common">
      <UniqueIdentifier>{68153619-267f-419f-b0ff-0fbf1586819f}</UniqueIdentifier>
    </Filter>
    <Filter Include="Common\Math">
      <UniqueIdentifier>{57d71c0b-9489-484a-8830-6e23033a0807}</UniqueIdentifier>
    </Filter>
    <Filter Include="Renderer">
      <UniqueIdentifier>{6808ddcb-ade0-4aca-aa51-4665f3e73e49}</UniqueIdentifier>
    </Filter>
    <Filter Include="Resource">
      <UniqueIdentifier>{390fd358-92a8-4cca-a0b1-27dd6400bdf5}</UniqueIdentifier>
    </Filter>
    <Filter Include="Resource\Shader">
      <UniqueIdentifier>{a452f68b-e4e8-4f54-ae70-444ead13856f}</UniqueIdentifier>
    </Filter>
    <Filter Include="Resource\Manager">
      <UniqueIdentifier>{2e28f6ee-831a-48aa-836b-06a828cf4ab6}</UniqueIdentifier>
    </Filter>
    <Filter Include="Resource\Mesh">
      <UniqueIdentifier>{a814b150-4a0e-48d7-b5e9-57e19145fdc9}</UniqueIdentifier>
    </Filter>
    <Filter Include="Resource\Merterial">
      <UniqueIdentifier>{61f42972-2593-4b1e-8252-0a8c841b4078}</UniqueIdentifier>
    </Filter>
    <Filter Include="Resource\Base">
      <UniqueIdentifier>{583c0fea-271d-4a6b-946f-616037a3dcbe}</UniqueIdentifier>
    </Filter>
    <Filter Include="Scene">
      <UniqueIdentifier>{1de09a27-48a0-47d8-8fe4-4447c4d4d6fc}</UniqueIdentifier>
    </Filter>
    <Filter Include="Manager">
      <UniqueIdentifier>{26251bf8-70c4-443b-baf3-8d3b696fafc5}</UniqueIdentifier>
    </Filter>
    <Filter Include="Engine">
      <UniqueIdentifier>{330b2965-84de-49fc-93c8-1e213de42fde}</UniqueIdentifier>
    </Filter>
    <Filter Include="Scene\Manager">
      <UniqueIdentifier>{cf76299f-40aa-426b-b8bd-f3d5bc1cfe77}</UniqueIdentifier>
    </Filter>
    <Filter Include="Scene\Base">
      <UniqueIdentifier>{3fcf2a52-6064-4e7c-9095-5b0e6e293da9}</UniqueIdentifier>
    </Filter>
    <Filter Include="Scene\Layer">
      <UniqueIdentifier>{ee6b6049-c73a-44f7-a455-85a576dccae9}</UniqueIdentifier>
    </Filter>
    <Filter Include="GameObject">
      <UniqueIdentifier>{9772976a-0c64-4d3a-9014-dd225fad77cd}</UniqueIdentifier>
    </Filter>
    <Filter Include="Component">
      <UniqueIdentifier>{057a413c-cf98-4b82-bbdd-08b0870314f7}</UniqueIdentifier>
    </Filter>
    <Filter Include="Component\Base">
      <UniqueIdentifier>{82f147c9-71f3-4fd6-9df9-83ad64cbfc07}</UniqueIdentifier>
    </Filter>
    <Filter Include="Resource\Texture">
      <UniqueIdentifier>{a96bd83e-96b0-48dc-9b2e-3ab559a3daac}</UniqueIdentifier>
    </Filter>
    <Filter Include="Component\Script">
      <UniqueIdentifier>{b365cd30-7d6d-4e12-942d-98c447a4cd6a}</UniqueIdentifier>
    </Filter>
    <Filter Include="Component\Renderer">
      <UniqueIdentifier>{03f809f7-3a84-4d81-817b-e9259dcf0858}</UniqueIdentifier>
    </Filter>
    <Filter Include="Scene\Scenes">
      <UniqueIdentifier>{989f9632-42e0-46fc-8830-6fae9f31b6ac}</UniqueIdentifier>
    </Filter>
    <Filter Include="Manager\Input">
      <UniqueIdentifier>{1654b780-6898-4261-a392-de8868a0ce55}</UniqueIdentifier>
    </Filter>
    <Filter Include="Manager\Time">
      <UniqueIdentifier>{4a785358-e767-454f-911b-f0730687a7f6}</UniqueIdentifier>
    </Filter>
    <Filter Include="GameObject\Base">
      <UniqueIdentifier>{1408f53d-1dda-4245-aacc-e65e4622acb8}</UniqueIdentifier>
    </Filter>
    <Filter Include="Component\Script\Base">
      <UniqueIdentifier>{1492f4db-50a5-4099-88c1-9967d633fded}</UniqueIdentifier>
    </Filter>
    <Filter Include="Component\Camera">
      <UniqueIdentifier>{0bf0a8ba-ac2d-4771-9271-99dfbca4f9a5}</UniqueIdentifier>
    </Filter>
    <Filter Include="Component\Renderer\Base">
      <UniqueIdentifier>{9b1e7895-4db8-4892-ba08-01ff20c5c37d}</UniqueIdentifier>
    </Filter>
    <Filter Include="Component\Transform">
      <UniqueIdentifier>{aa90fefe-8892-46de-9561-44b6698c32fb}</UniqueIdentifier>
    </Filter>
    <Filter Include="Component\Collider">
      <UniqueIdentifier>{a939701e-9701-4bf8-a63f-ec02f5a27f41}</UniqueIdentifier>
    </Filter>
    <Filter Include="Resource\Prefab">
      <UniqueIdentifier>{ef66bbff-6681-457b-aa80-183bee7874f4}</UniqueIdentifier>
    </Filter>
    <Filter Include="Component\Collider\Manager">
      <UniqueIdentifier>{83117e03-43c6-470b-af3b-43014606c709}</UniqueIdentifier>
    </Filter>
  </ItemGroup>
  <ItemGroup>
    <ClCompile Include="EgnineSource.cpp" />
    <ClCompile Include="jhApplication.cpp">
      <Filter>HighLevelInterface</Filter>
    </ClCompile>
    <ClCompile Include="jhGraphicDeviceDX11.cpp">
      <Filter>Graphics</Filter>
    </ClCompile>
    <ClCompile Include="jhResource.cpp">
      <Filter>Resource\Base</Filter>
    </ClCompile>
    <ClCompile Include="jhEntity.cpp">
      <Filter>Engine</Filter>
    </ClCompile>
    <ClCompile Include="jhMesh.cpp">
      <Filter>Resource\Mesh</Filter>
    </ClCompile>
    <ClCompile Include="jhRenderer.cpp">
      <Filter>Renderer</Filter>
    </ClCompile>
    <ClCompile Include="jhResources.cpp">
      <Filter>Resource\Manager</Filter>
    </ClCompile>
    <ClCompile Include="jhShader.cpp">
      <Filter>Resource\Shader</Filter>
    </ClCompile>
    <ClCompile Include="jhScene.cpp">
      <Filter>Scene\Base</Filter>
    </ClCompile>
    <ClCompile Include="jhLayer.cpp">
      <Filter>Scene\Layer</Filter>
    </ClCompile>
    <ClCompile Include="jhSceneManager.cpp">
      <Filter>Scene\Manager</Filter>
    </ClCompile>
    <ClCompile Include="jhComponent.cpp">
      <Filter>Component\Base</Filter>
    </ClCompile>
    <ClCompile Include="jhMaterial.cpp">
      <Filter>Resource\Merterial</Filter>
    </ClCompile>
    <ClCompile Include="jhConstantBuffer.cpp">
      <Filter>Graphics</Filter>
    </ClCompile>
    <ClCompile Include="jhTexture.cpp">
      <Filter>Resource\Texture</Filter>
    </ClCompile>
    <ClCompile Include="jhMeshRenderer.cpp">
      <Filter>Component\Renderer</Filter>
    </ClCompile>
    <ClCompile Include="jhTransform.cpp">
      <Filter>Component\Transform</Filter>
    </ClCompile>
    <ClCompile Include="jhPlayScene.cpp">
      <Filter>Scene\Scenes</Filter>
    </ClCompile>
    <ClCompile Include="jhInput.cpp">
      <Filter>Manager\Input</Filter>
    </ClCompile>
    <ClCompile Include="jhTime.cpp">
      <Filter>Manager\Time</Filter>
    </ClCompile>
    <ClCompile Include="jhGameObject.cpp">
      <Filter>GameObject\Base</Filter>
    </ClCompile>
    <ClCompile Include="jhPlayerScript.cpp">
      <Filter>Component\Script</Filter>
    </ClCompile>
    <ClCompile Include="jhScript.cpp">
      <Filter>Component\Script\Base</Filter>
    </ClCompile>
    <ClCompile Include="jhCamera.cpp">
      <Filter>Component\Camera</Filter>
    </ClCompile>
    <ClCompile Include="jhMath.cpp">
      <Filter>Common\Math</Filter>
    </ClCompile>
    <ClCompile Include="jhCameraScript.cpp">
      <Filter>Component\Script</Filter>
    </ClCompile>
    <ClCompile Include="jhSpriteRenderer.cpp">
      <Filter>Component\Renderer</Filter>
    </ClCompile>
    <ClCompile Include="jhRendererComponent.cpp">
      <Filter>Component\Renderer\Base</Filter>
    </ClCompile>
    <ClCompile Include="jhGridScript.cpp">
      <Filter>Component\Script</Filter>
    </ClCompile>
    <ClCompile Include="jhFadeOutScript.cpp">
      <Filter>Component\Script</Filter>
    </ClCompile>
    <ClCompile Include="jhFadeInScript.cpp">
      <Filter>Component\Script</Filter>
    </ClCompile>
    <ClCompile Include="jhTitleScene.cpp">
      <Filter>Scene\Scenes</Filter>
    </ClCompile>
    <ClCompile Include="jhCollider.cpp">
      <Filter>Component\Collider</Filter>
    </ClCompile>
    <ClCompile Include="jhColliderManager.cpp">
      <Filter>Component\Collider\Manager</Filter>
    </ClCompile>
    <ClCompile Include="Prefab.cpp">
      <Filter>Resource\Prefab</Filter>
    </ClCompile>
    <ClCompile Include="jhCollider3D.cpp">
      <Filter>Component\Collider</Filter>
    </ClCompile>
    <ClCompile Include="jhCollider2D.cpp">
      <Filter>Component\Collider</Filter>
    </ClCompile>
  </ItemGroup>
  <ItemGroup>
    <ClInclude Include="framework.h" />
    <ClInclude Include="jhApplication.h">
      <Filter>HighLevelInterface</Filter>
    </ClInclude>
    <ClInclude Include="jhGraphicDeviceDX11.h">
      <Filter>Graphics</Filter>
    </ClInclude>
    <ClInclude Include="CommonInclude.h">
      <Filter>Common</Filter>
    </ClInclude>
    <ClInclude Include="jhMath.h">
      <Filter>Common\Math</Filter>
    </ClInclude>
    <ClInclude Include="Engine.h">
      <Filter>Common</Filter>
    </ClInclude>
    <ClInclude Include="jhGraphics.h">
      <Filter>Graphics</Filter>
    </ClInclude>
    <ClInclude Include="jhResource.h">
      <Filter>Resource\Base</Filter>
    </ClInclude>
    <ClInclude Include="jhEntity.h">
      <Filter>Engine</Filter>
    </ClInclude>
    <ClInclude Include="jhMesh.h">
      <Filter>Resource\Mesh</Filter>
    </ClInclude>
    <ClInclude Include="jhResources.h">
      <Filter>Resource\Manager</Filter>
    </ClInclude>
    <ClInclude Include="jhShader.h">
      <Filter>Resource\Shader</Filter>
    </ClInclude>
    <ClInclude Include="jhEnums.h">
      <Filter>Common</Filter>
    </ClInclude>
    <ClInclude Include="jhScene.h">
      <Filter>Scene\Base</Filter>
    </ClInclude>
    <ClInclude Include="jhLayer.h">
      <Filter>Scene\Layer</Filter>
    </ClInclude>
    <ClInclude Include="jhSceneManager.h">
      <Filter>Scene\Manager</Filter>
    </ClInclude>
    <ClInclude Include="jhComponent.h">
      <Filter>Component\Base</Filter>
    </ClInclude>
    <ClInclude Include="jhMaterial.h">
      <Filter>Resource\Merterial</Filter>
    </ClInclude>
    <ClInclude Include="jhConstantBuffer.h">
      <Filter>Graphics</Filter>
    </ClInclude>
    <ClInclude Include="jhTexture.h">
      <Filter>Resource\Texture</Filter>
    </ClInclude>
    <ClInclude Include="jhMeshRenderer.h">
      <Filter>Component\Renderer</Filter>
    </ClInclude>
    <ClInclude Include="jhTransform.h">
      <Filter>Component\Transform</Filter>
    </ClInclude>
    <ClInclude Include="jhPlayScene.h">
      <Filter>Scene\Scenes</Filter>
    </ClInclude>
    <ClInclude Include="jhInput.h">
      <Filter>Manager\Input</Filter>
    </ClInclude>
    <ClInclude Include="jhTime.h">
      <Filter>Manager\Time</Filter>
    </ClInclude>
    <ClInclude Include="jhGameObject.h">
      <Filter>GameObject\Base</Filter>
    </ClInclude>
    <ClInclude Include="jhPlayerScript.h">
      <Filter>Component\Script</Filter>
    </ClInclude>
    <ClInclude Include="jhScript.h">
      <Filter>Component\Script\Base</Filter>
    </ClInclude>
    <ClInclude Include="jhCamera.h">
      <Filter>Component\Camera</Filter>
    </ClInclude>
    <ClInclude Include="jhCameraScript.h">
      <Filter>Component\Script</Filter>
    </ClInclude>
    <ClInclude Include="jhSpriteRenderer.h">
      <Filter>Component\Renderer</Filter>
    </ClInclude>
    <ClInclude Include="jhRendererComponent.h">
      <Filter>Component\Renderer\Base</Filter>
    </ClInclude>
    <ClInclude Include="jhRenderer.h">
      <Filter>Resource</Filter>
    </ClInclude>
    <ClInclude Include="jhGridScript.h">
      <Filter>Component\Script</Filter>
    </ClInclude>
    <ClInclude Include="jhObject.h">
      <Filter>GameObject</Filter>
    </ClInclude>
    <ClInclude Include="jhFadeOutScript.h">
      <Filter>Component\Script</Filter>
    </ClInclude>
    <ClInclude Include="jhFadeInScript.h">
      <Filter>Component\Script</Filter>
    </ClInclude>
    <ClInclude Include="jhTitleScene.h">
      <Filter>Scene\Scenes</Filter>
    </ClInclude>
    <ClInclude Include="jhCollider.h">
      <Filter>Component\Collider</Filter>
    </ClInclude>
    <ClInclude Include="jhColliderManager.h">
      <Filter>Component\Collider\Manager</Filter>
    </ClInclude>
    <ClInclude Include="Prefab.h">
      <Filter>Resource\Prefab</Filter>
    </ClInclude>
    <ClInclude Include="jhCollider3D.h">
      <Filter>Component\Collider</Filter>
    </ClInclude>
    <ClInclude Include="jhCollider2D.h">
      <Filter>Component\Collider</Filter>
    </ClInclude>
  </ItemGroup>
  <ItemGroup>
    <None Include="jhMath.inl">
      <Filter>Common\Math</Filter>
    </None>
  </ItemGroup>
</Project>